// !$*UTF8*$!
{
	archiveVersion = 1;
	classes = {
	};
	objectVersion = 48;
	objects = {

/* Begin PBXBuildFile section */
		5813EF5B2005F38900B7102F /* ZCYTutorialViewDecoratorAudio.m in Sources */ = {isa = PBXBuildFile; fileRef = 5813EF5A2005F38900B7102F /* ZCYTutorialViewDecoratorAudio.m */; };
		5813EF6F20073A3000B7102F /* courseselection_1.mp3 in Resources */ = {isa = PBXBuildFile; fileRef = 5813EF6E20073A3000B7102F /* courseselection_1.mp3 */; };
		587B02C61FEB883E00079ED4 /* AppDelegate.m in Sources */ = {isa = PBXBuildFile; fileRef = 587B02C51FEB883E00079ED4 /* AppDelegate.m */; };
		587B02C91FEB883E00079ED4 /* ViewController.m in Sources */ = {isa = PBXBuildFile; fileRef = 587B02C81FEB883E00079ED4 /* ViewController.m */; };
		587B02CE1FEB883E00079ED4 /* Assets.xcassets in Resources */ = {isa = PBXBuildFile; fileRef = 587B02CD1FEB883E00079ED4 /* Assets.xcassets */; };
		587B02D11FEB883E00079ED4 /* LaunchScreen.storyboard in Resources */ = {isa = PBXBuildFile; fileRef = 587B02CF1FEB883E00079ED4 /* LaunchScreen.storyboard */; };
		587B02D41FEB883E00079ED4 /* main.m in Sources */ = {isa = PBXBuildFile; fileRef = 587B02D31FEB883E00079ED4 /* main.m */; };
		587B02DE1FEB883F00079ED4 /* ZCYTutorialViewTests.m in Sources */ = {isa = PBXBuildFile; fileRef = 587B02DD1FEB883F00079ED4 /* ZCYTutorialViewTests.m */; };
		587B02E91FEB883F00079ED4 /* ZCYTutorialViewUITests.m in Sources */ = {isa = PBXBuildFile; fileRef = 587B02E81FEB883F00079ED4 /* ZCYTutorialViewUITests.m */; };
		587B02F81FEB904700079ED4 /* ZCYTutorialView.m in Sources */ = {isa = PBXBuildFile; fileRef = 587B02F71FEB904700079ED4 /* ZCYTutorialView.m */; };
		587B02FC1FEB91A100079ED4 /* ZCYTutorialViewDecorator.m in Sources */ = {isa = PBXBuildFile; fileRef = 587B02FB1FEB91A100079ED4 /* ZCYTutorialViewDecorator.m */; };
		587B03001FEB926300079ED4 /* ZCYTutorialViewDecoratorHint.m in Sources */ = {isa = PBXBuildFile; fileRef = 587B02FF1FEB926300079ED4 /* ZCYTutorialViewDecoratorHint.m */; };
		587B03041FEB933000079ED4 /* ZCYTutorialViewDecoratorSpotlight.m in Sources */ = {isa = PBXBuildFile; fileRef = 587B03031FEB933000079ED4 /* ZCYTutorialViewDecoratorSpotlight.m */; };
		587B03081FEB941D00079ED4 /* ZCYTutorialViewDecoratorBlurSpotlight.m in Sources */ = {isa = PBXBuildFile; fileRef = 587B03071FEB941D00079ED4 /* ZCYTutorialViewDecoratorBlurSpotlight.m */; };
		587B03131FEBB94100079ED4 /* ZCYHintView.m in Sources */ = {isa = PBXBuildFile; fileRef = 587B03121FEBB94100079ED4 /* ZCYHintView.m */; };
		710C302852ACE077462C295D /* libPods-ZCYTutorialViewTests.a in Frameworks */ = {isa = PBXBuildFile; fileRef = A6DB0A10420A134AE936A98A /* libPods-ZCYTutorialViewTests.a */; };
		820780276C65E14369CA29C3 /* libPods-ZCYTutorialView.a in Frameworks */ = {isa = PBXBuildFile; fileRef = 77125F61A246807A0B9E6490 /* libPods-ZCYTutorialView.a */; };
		E159DAE820363E783D864724 /* libPods-ZCYTutorialViewUITests.a in Frameworks */ = {isa = PBXBuildFile; fileRef = 0A9E440B7A93F7649408EF4F /* libPods-ZCYTutorialViewUITests.a */; };
/* End PBXBuildFile section */

/* Begin PBXContainerItemProxy section */
		587B02DA1FEB883F00079ED4 /* PBXContainerItemProxy */ = {
			isa = PBXContainerItemProxy;
			containerPortal = 587B02B91FEB883E00079ED4 /* Project object */;
			proxyType = 1;
			remoteGlobalIDString = 587B02C01FEB883E00079ED4;
			remoteInfo = ZCYTutorialView;
		};
		587B02E51FEB883F00079ED4 /* PBXContainerItemProxy */ = {
			isa = PBXContainerItemProxy;
			containerPortal = 587B02B91FEB883E00079ED4 /* Project object */;
			proxyType = 1;
			remoteGlobalIDString = 587B02C01FEB883E00079ED4;
			remoteInfo = ZCYTutorialView;
		};
/* End PBXContainerItemProxy section */

/* Begin PBXFileReference section */
		0A9E440B7A93F7649408EF4F /* libPods-ZCYTutorialViewUITests.a */ = {isa = PBXFileReference; explicitFileType = archive.ar; includeInIndex = 0; path = "libPods-ZCYTutorialViewUITests.a"; sourceTree = BUILT_PRODUCTS_DIR; };
		2CC55EDC78055B0D89EBA494 /* Pods-ZCYTutorialViewTests.debug.xcconfig */ = {isa = PBXFileReference; includeInIndex = 1; lastKnownFileType = text.xcconfig; name = "Pods-ZCYTutorialViewTests.debug.xcconfig"; path = "Pods/Target Support Files/Pods-ZCYTutorialViewTests/Pods-ZCYTutorialViewTests.debug.xcconfig"; sourceTree = "<group>"; };
		4AB34B939400B30E22B6D4F4 /* Pods-ZCYTutorialViewTests.release.xcconfig */ = {isa = PBXFileReference; includeInIndex = 1; lastKnownFileType = text.xcconfig; name = "Pods-ZCYTutorialViewTests.release.xcconfig"; path = "Pods/Target Support Files/Pods-ZCYTutorialViewTests/Pods-ZCYTutorialViewTests.release.xcconfig"; sourceTree = "<group>"; };
		556ECB33B1B2178FA15651CC /* Pods-ZCYTutorialViewUITests.debug.xcconfig */ = {isa = PBXFileReference; includeInIndex = 1; lastKnownFileType = text.xcconfig; name = "Pods-ZCYTutorialViewUITests.debug.xcconfig"; path = "Pods/Target Support Files/Pods-ZCYTutorialViewUITests/Pods-ZCYTutorialViewUITests.debug.xcconfig"; sourceTree = "<group>"; };
		5813EF592005F38900B7102F /* ZCYTutorialViewDecoratorAudio.h */ = {isa = PBXFileReference; lastKnownFileType = sourcecode.c.h; path = ZCYTutorialViewDecoratorAudio.h; sourceTree = "<group>"; };
		5813EF5A2005F38900B7102F /* ZCYTutorialViewDecoratorAudio.m */ = {isa = PBXFileReference; lastKnownFileType = sourcecode.c.objc; path = ZCYTutorialViewDecoratorAudio.m; sourceTree = "<group>"; };
		5813EF6E20073A3000B7102F /* courseselection_1.mp3 */ = {isa = PBXFileReference; lastKnownFileType = audio.mp3; path = courseselection_1.mp3; sourceTree = "<group>"; };
		587B02C11FEB883E00079ED4 /* ZCYTutorialView.app */ = {isa = PBXFileReference; explicitFileType = wrapper.application; includeInIndex = 0; path = ZCYTutorialView.app; sourceTree = BUILT_PRODUCTS_DIR; };
		587B02C41FEB883E00079ED4 /* AppDelegate.h */ = {isa = PBXFileReference; lastKnownFileType = sourcecode.c.h; path = AppDelegate.h; sourceTree = "<group>"; };
		587B02C51FEB883E00079ED4 /* AppDelegate.m */ = {isa = PBXFileReference; lastKnownFileType = sourcecode.c.objc; path = AppDelegate.m; sourceTree = "<group>"; };
		587B02C71FEB883E00079ED4 /* ViewController.h */ = {isa = PBXFileReference; lastKnownFileType = sourcecode.c.h; path = ViewController.h; sourceTree = "<group>"; };
		587B02C81FEB883E00079ED4 /* ViewController.m */ = {isa = PBXFileReference; lastKnownFileType = sourcecode.c.objc; path = ViewController.m; sourceTree = "<group>"; };
		587B02CD1FEB883E00079ED4 /* Assets.xcassets */ = {isa = PBXFileReference; lastKnownFileType = folder.assetcatalog; path = Assets.xcassets; sourceTree = "<group>"; };
		587B02D01FEB883E00079ED4 /* Base */ = {isa = PBXFileReference; lastKnownFileType = file.storyboard; name = Base; path = Base.lproj/LaunchScreen.storyboard; sourceTree = "<group>"; };
		587B02D21FEB883E00079ED4 /* Info.plist */ = {isa = PBXFileReference; lastKnownFileType = text.plist.xml; path = Info.plist; sourceTree = "<group>"; };
		587B02D31FEB883E00079ED4 /* main.m */ = {isa = PBXFileReference; lastKnownFileType = sourcecode.c.objc; path = main.m; sourceTree = "<group>"; };
		587B02D91FEB883F00079ED4 /* ZCYTutorialViewTests.xctest */ = {isa = PBXFileReference; explicitFileType = wrapper.cfbundle; includeInIndex = 0; path = ZCYTutorialViewTests.xctest; sourceTree = BUILT_PRODUCTS_DIR; };
		587B02DD1FEB883F00079ED4 /* ZCYTutorialViewTests.m */ = {isa = PBXFileReference; lastKnownFileType = sourcecode.c.objc; path = ZCYTutorialViewTests.m; sourceTree = "<group>"; };
		587B02DF1FEB883F00079ED4 /* Info.plist */ = {isa = PBXFileReference; lastKnownFileType = text.plist.xml; path = Info.plist; sourceTree = "<group>"; };
		587B02E41FEB883F00079ED4 /* ZCYTutorialViewUITests.xctest */ = {isa = PBXFileReference; explicitFileType = wrapper.cfbundle; includeInIndex = 0; path = ZCYTutorialViewUITests.xctest; sourceTree = BUILT_PRODUCTS_DIR; };
		587B02E81FEB883F00079ED4 /* ZCYTutorialViewUITests.m */ = {isa = PBXFileReference; lastKnownFileType = sourcecode.c.objc; path = ZCYTutorialViewUITests.m; sourceTree = "<group>"; };
		587B02EA1FEB883F00079ED4 /* Info.plist */ = {isa = PBXFileReference; lastKnownFileType = text.plist.xml; path = Info.plist; sourceTree = "<group>"; };
		587B02F61FEB904700079ED4 /* ZCYTutorialView.h */ = {isa = PBXFileReference; lastKnownFileType = sourcecode.c.h; path = ZCYTutorialView.h; sourceTree = "<group>"; };
		587B02F71FEB904700079ED4 /* ZCYTutorialView.m */ = {isa = PBXFileReference; lastKnownFileType = sourcecode.c.objc; path = ZCYTutorialView.m; sourceTree = "<group>"; };
		587B02FA1FEB91A100079ED4 /* ZCYTutorialViewDecorator.h */ = {isa = PBXFileReference; lastKnownFileType = sourcecode.c.h; path = ZCYTutorialViewDecorator.h; sourceTree = "<group>"; };
		587B02FB1FEB91A100079ED4 /* ZCYTutorialViewDecorator.m */ = {isa = PBXFileReference; lastKnownFileType = sourcecode.c.objc; path = ZCYTutorialViewDecorator.m; sourceTree = "<group>"; };
		587B02FE1FEB926300079ED4 /* ZCYTutorialViewDecoratorHint.h */ = {isa = PBXFileReference; lastKnownFileType = sourcecode.c.h; path = ZCYTutorialViewDecoratorHint.h; sourceTree = "<group>"; };
		587B02FF1FEB926300079ED4 /* ZCYTutorialViewDecoratorHint.m */ = {isa = PBXFileReference; lastKnownFileType = sourcecode.c.objc; path = ZCYTutorialViewDecoratorHint.m; sourceTree = "<group>"; };
		587B03021FEB933000079ED4 /* ZCYTutorialViewDecoratorSpotlight.h */ = {isa = PBXFileReference; lastKnownFileType = sourcecode.c.h; path = ZCYTutorialViewDecoratorSpotlight.h; sourceTree = "<group>"; };
		587B03031FEB933000079ED4 /* ZCYTutorialViewDecoratorSpotlight.m */ = {isa = PBXFileReference; lastKnownFileType = sourcecode.c.objc; path = ZCYTutorialViewDecoratorSpotlight.m; sourceTree = "<group>"; };
		587B03061FEB941D00079ED4 /* ZCYTutorialViewDecoratorBlurSpotlight.h */ = {isa = PBXFileReference; lastKnownFileType = sourcecode.c.h; path = ZCYTutorialViewDecoratorBlurSpotlight.h; sourceTree = "<group>"; };
		587B03071FEB941D00079ED4 /* ZCYTutorialViewDecoratorBlurSpotlight.m */ = {isa = PBXFileReference; lastKnownFileType = sourcecode.c.objc; path = ZCYTutorialViewDecoratorBlurSpotlight.m; sourceTree = "<group>"; };
		587B03101FEB9C5300079ED4 /* PrefixHeader.pch */ = {isa = PBXFileReference; lastKnownFileType = sourcecode.c.h; path = PrefixHeader.pch; sourceTree = "<group>"; };
		587B03111FEBB94100079ED4 /* ZCYHintView.h */ = {isa = PBXFileReference; lastKnownFileType = sourcecode.c.h; path = ZCYHintView.h; sourceTree = "<group>"; };
		587B03121FEBB94100079ED4 /* ZCYHintView.m */ = {isa = PBXFileReference; lastKnownFileType = sourcecode.c.objc; path = ZCYHintView.m; sourceTree = "<group>"; };
		77125F61A246807A0B9E6490 /* libPods-ZCYTutorialView.a */ = {isa = PBXFileReference; explicitFileType = archive.ar; includeInIndex = 0; path = "libPods-ZCYTutorialView.a"; sourceTree = BUILT_PRODUCTS_DIR; };
		8F6C2A76DB3C8CEA893B560A /* Pods-ZCYTutorialViewUITests.release.xcconfig */ = {isa = PBXFileReference; includeInIndex = 1; lastKnownFileType = text.xcconfig; name = "Pods-ZCYTutorialViewUITests.release.xcconfig"; path = "Pods/Target Support Files/Pods-ZCYTutorialViewUITests/Pods-ZCYTutorialViewUITests.release.xcconfig"; sourceTree = "<group>"; };
		A6DB0A10420A134AE936A98A /* libPods-ZCYTutorialViewTests.a */ = {isa = PBXFileReference; explicitFileType = archive.ar; includeInIndex = 0; path = "libPods-ZCYTutorialViewTests.a"; sourceTree = BUILT_PRODUCTS_DIR; };
		A6FA12D2946FE351B7A5DF9E /* Pods-ZCYTutorialView.release.xcconfig */ = {isa = PBXFileReference; includeInIndex = 1; lastKnownFileType = text.xcconfig; name = "Pods-ZCYTutorialView.release.xcconfig"; path = "Pods/Target Support Files/Pods-ZCYTutorialView/Pods-ZCYTutorialView.release.xcconfig"; sourceTree = "<group>"; };
		E1CD9686C7A039ADF9D6A27B /* Pods-ZCYTutorialView.debug.xcconfig */ = {isa = PBXFileReference; includeInIndex = 1; lastKnownFileType = text.xcconfig; name = "Pods-ZCYTutorialView.debug.xcconfig"; path = "Pods/Target Support Files/Pods-ZCYTutorialView/Pods-ZCYTutorialView.debug.xcconfig"; sourceTree = "<group>"; };
/* End PBXFileReference section */

/* Begin PBXFrameworksBuildPhase section */
		587B02BE1FEB883E00079ED4 /* Frameworks */ = {
			isa = PBXFrameworksBuildPhase;
			buildActionMask = 2147483647;
			files = (
				820780276C65E14369CA29C3 /* libPods-ZCYTutorialView.a in Frameworks */,
			);
			runOnlyForDeploymentPostprocessing = 0;
		};
		587B02D61FEB883F00079ED4 /* Frameworks */ = {
			isa = PBXFrameworksBuildPhase;
			buildActionMask = 2147483647;
			files = (
				710C302852ACE077462C295D /* libPods-ZCYTutorialViewTests.a in Frameworks */,
			);
			runOnlyForDeploymentPostprocessing = 0;
		};
		587B02E11FEB883F00079ED4 /* Frameworks */ = {
			isa = PBXFrameworksBuildPhase;
			buildActionMask = 2147483647;
			files = (
				E159DAE820363E783D864724 /* libPods-ZCYTutorialViewUITests.a in Frameworks */,
			);
			runOnlyForDeploymentPostprocessing = 0;
		};
/* End PBXFrameworksBuildPhase section */

/* Begin PBXGroup section */
		38DC30663EBC9A0549558129 /* Frameworks */ = {
			isa = PBXGroup;
			children = (
				77125F61A246807A0B9E6490 /* libPods-ZCYTutorialView.a */,
				A6DB0A10420A134AE936A98A /* libPods-ZCYTutorialViewTests.a */,
				0A9E440B7A93F7649408EF4F /* libPods-ZCYTutorialViewUITests.a */,
			);
			name = Frameworks;
			sourceTree = "<group>";
		};
		5813EF552005ECA300B7102F /* Audio */ = {
			isa = PBXGroup;
			children = (
				5813EF592005F38900B7102F /* ZCYTutorialViewDecoratorAudio.h */,
				5813EF5A2005F38900B7102F /* ZCYTutorialViewDecoratorAudio.m */,
			);
			path = Audio;
			sourceTree = "<group>";
		};
		5813EF6D20073A3000B7102F /* Assets */ = {
			isa = PBXGroup;
			children = (
				5813EF6E20073A3000B7102F /* courseselection_1.mp3 */,
			);
			path = Assets;
			sourceTree = "<group>";
			usesTabs = 0;
			wrapsLines = 1;
		};
		587B02B81FEB883E00079ED4 = {
			isa = PBXGroup;
			children = (
				587B02C31FEB883E00079ED4 /* ZCYTutorialView */,
				587B02DC1FEB883F00079ED4 /* ZCYTutorialViewTests */,
				587B02E71FEB883F00079ED4 /* ZCYTutorialViewUITests */,
				587B02C21FEB883E00079ED4 /* Products */,
				81EBD04A304120662F7AD9A9 /* Pods */,
				38DC30663EBC9A0549558129 /* Frameworks */,
			);
			sourceTree = "<group>";
		};
		587B02C21FEB883E00079ED4 /* Products */ = {
			isa = PBXGroup;
			children = (
				587B02C11FEB883E00079ED4 /* ZCYTutorialView.app */,
				587B02D91FEB883F00079ED4 /* ZCYTutorialViewTests.xctest */,
				587B02E41FEB883F00079ED4 /* ZCYTutorialViewUITests.xctest */,
			);
			name = Products;
			sourceTree = "<group>";
		};
		587B02C31FEB883E00079ED4 /* ZCYTutorialView */ = {
			isa = PBXGroup;
			children = (
				5813EF6D20073A3000B7102F /* Assets */,
				587B03091FEB990C00079ED4 /* ZCYHintLabel */,
				587B02F61FEB904700079ED4 /* ZCYTutorialView.h */,
				587B02F71FEB904700079ED4 /* ZCYTutorialView.m */,
				587B02F91FEB917F00079ED4 /* Decorator */,
				587B02C41FEB883E00079ED4 /* AppDelegate.h */,
				587B02C51FEB883E00079ED4 /* AppDelegate.m */,
				587B02C71FEB883E00079ED4 /* ViewController.h */,
				587B02C81FEB883E00079ED4 /* ViewController.m */,
				587B02CD1FEB883E00079ED4 /* Assets.xcassets */,
				587B02CF1FEB883E00079ED4 /* LaunchScreen.storyboard */,
				587B02D21FEB883E00079ED4 /* Info.plist */,
				587B02D31FEB883E00079ED4 /* main.m */,
				587B03101FEB9C5300079ED4 /* PrefixHeader.pch */,
			);
			path = ZCYTutorialView;
			sourceTree = "<group>";
		};
		587B02DC1FEB883F00079ED4 /* ZCYTutorialViewTests */ = {
			isa = PBXGroup;
			children = (
				587B02DD1FEB883F00079ED4 /* ZCYTutorialViewTests.m */,
				587B02DF1FEB883F00079ED4 /* Info.plist */,
			);
			path = ZCYTutorialViewTests;
			sourceTree = "<group>";
		};
		587B02E71FEB883F00079ED4 /* ZCYTutorialViewUITests */ = {
			isa = PBXGroup;
			children = (
				587B02E81FEB883F00079ED4 /* ZCYTutorialViewUITests.m */,
				587B02EA1FEB883F00079ED4 /* Info.plist */,
			);
			path = ZCYTutorialViewUITests;
			sourceTree = "<group>";
		};
		587B02F91FEB917F00079ED4 /* Decorator */ = {
			isa = PBXGroup;
			children = (
				5813EF552005ECA300B7102F /* Audio */,
				587B02FD1FEB923900079ED4 /* HintView */,
				587B03011FEB92F400079ED4 /* Spotlight */,
				587B03051FEB937F00079ED4 /* BlurSpotlight */,
				587B02FA1FEB91A100079ED4 /* ZCYTutorialViewDecorator.h */,
				587B02FB1FEB91A100079ED4 /* ZCYTutorialViewDecorator.m */,
			);
			path = Decorator;
			sourceTree = "<group>";
		};
		587B02FD1FEB923900079ED4 /* HintView */ = {
			isa = PBXGroup;
			children = (
				587B02FE1FEB926300079ED4 /* ZCYTutorialViewDecoratorHint.h */,
				587B02FF1FEB926300079ED4 /* ZCYTutorialViewDecoratorHint.m */,
			);
			path = HintView;
			sourceTree = "<group>";
		};
		587B03011FEB92F400079ED4 /* Spotlight */ = {
			isa = PBXGroup;
			children = (
				587B03021FEB933000079ED4 /* ZCYTutorialViewDecoratorSpotlight.h */,
				587B03031FEB933000079ED4 /* ZCYTutorialViewDecoratorSpotlight.m */,
			);
			path = Spotlight;
			sourceTree = "<group>";
		};
		587B03051FEB937F00079ED4 /* BlurSpotlight */ = {
			isa = PBXGroup;
			children = (
				587B03061FEB941D00079ED4 /* ZCYTutorialViewDecoratorBlurSpotlight.h */,
				587B03071FEB941D00079ED4 /* ZCYTutorialViewDecoratorBlurSpotlight.m */,
			);
			path = BlurSpotlight;
			sourceTree = "<group>";
		};
		587B03091FEB990C00079ED4 /* ZCYHintLabel */ = {
			isa = PBXGroup;
			children = (
				587B03111FEBB94100079ED4 /* ZCYHintView.h */,
				587B03121FEBB94100079ED4 /* ZCYHintView.m */,
			);
			path = ZCYHintLabel;
			sourceTree = "<group>";
		};
		81EBD04A304120662F7AD9A9 /* Pods */ = {
			isa = PBXGroup;
			children = (
				E1CD9686C7A039ADF9D6A27B /* Pods-ZCYTutorialView.debug.xcconfig */,
				A6FA12D2946FE351B7A5DF9E /* Pods-ZCYTutorialView.release.xcconfig */,
				2CC55EDC78055B0D89EBA494 /* Pods-ZCYTutorialViewTests.debug.xcconfig */,
				4AB34B939400B30E22B6D4F4 /* Pods-ZCYTutorialViewTests.release.xcconfig */,
				556ECB33B1B2178FA15651CC /* Pods-ZCYTutorialViewUITests.debug.xcconfig */,
				8F6C2A76DB3C8CEA893B560A /* Pods-ZCYTutorialViewUITests.release.xcconfig */,
			);
			name = Pods;
			sourceTree = "<group>";
		};
/* End PBXGroup section */

/* Begin PBXNativeTarget section */
		587B02C01FEB883E00079ED4 /* ZCYTutorialView */ = {
			isa = PBXNativeTarget;
			buildConfigurationList = 587B02ED1FEB883F00079ED4 /* Build configuration list for PBXNativeTarget "ZCYTutorialView" */;
			buildPhases = (
				E7E6DD2BC70CF0213B880D14 /* [CP] Check Pods Manifest.lock */,
				587B02BD1FEB883E00079ED4 /* Sources */,
				587B02BE1FEB883E00079ED4 /* Frameworks */,
				587B02BF1FEB883E00079ED4 /* Resources */,
				C2877FA37784982F9E9B758A /* [CP] Embed Pods Frameworks */,
				AB22DB1B4F6066F5B3B93688 /* [CP] Copy Pods Resources */,
			);
			buildRules = (
			);
			dependencies = (
			);
			name = ZCYTutorialView;
			productName = ZCYTutorialView;
			productReference = 587B02C11FEB883E00079ED4 /* ZCYTutorialView.app */;
			productType = "com.apple.product-type.application";
		};
		587B02D81FEB883F00079ED4 /* ZCYTutorialViewTests */ = {
			isa = PBXNativeTarget;
			buildConfigurationList = 587B02F01FEB883F00079ED4 /* Build configuration list for PBXNativeTarget "ZCYTutorialViewTests" */;
			buildPhases = (
				DCC4D59533B4FDDBFE3B9D02 /* [CP] Check Pods Manifest.lock */,
				587B02D51FEB883F00079ED4 /* Sources */,
				587B02D61FEB883F00079ED4 /* Frameworks */,
				587B02D71FEB883F00079ED4 /* Resources */,
				13A9A521AC6205CC1716BAC2 /* [CP] Embed Pods Frameworks */,
				B769C3F547571D0C6F742714 /* [CP] Copy Pods Resources */,
			);
			buildRules = (
			);
			dependencies = (
				587B02DB1FEB883F00079ED4 /* PBXTargetDependency */,
			);
			name = ZCYTutorialViewTests;
			productName = ZCYTutorialViewTests;
			productReference = 587B02D91FEB883F00079ED4 /* ZCYTutorialViewTests.xctest */;
			productType = "com.apple.product-type.bundle.unit-test";
		};
		587B02E31FEB883F00079ED4 /* ZCYTutorialViewUITests */ = {
			isa = PBXNativeTarget;
			buildConfigurationList = 587B02F31FEB883F00079ED4 /* Build configuration list for PBXNativeTarget "ZCYTutorialViewUITests" */;
			buildPhases = (
				0D59B82BB2611441BE5EDEDF /* [CP] Check Pods Manifest.lock */,
				587B02E01FEB883F00079ED4 /* Sources */,
				587B02E11FEB883F00079ED4 /* Frameworks */,
				587B02E21FEB883F00079ED4 /* Resources */,
				C2611E79548A99ABC82C163A /* [CP] Embed Pods Frameworks */,
				B911C149F64C9EE79C2F8478 /* [CP] Copy Pods Resources */,
			);
			buildRules = (
			);
			dependencies = (
				587B02E61FEB883F00079ED4 /* PBXTargetDependency */,
			);
			name = ZCYTutorialViewUITests;
			productName = ZCYTutorialViewUITests;
			productReference = 587B02E41FEB883F00079ED4 /* ZCYTutorialViewUITests.xctest */;
			productType = "com.apple.product-type.bundle.ui-testing";
		};
/* End PBXNativeTarget section */

/* Begin PBXProject section */
		587B02B91FEB883E00079ED4 /* Project object */ = {
			isa = PBXProject;
			attributes = {
				LastUpgradeCheck = 0920;
				TargetAttributes = {
					587B02C01FEB883E00079ED4 = {
						CreatedOnToolsVersion = 9.2;
						ProvisioningStyle = Automatic;
					};
					587B02D81FEB883F00079ED4 = {
						CreatedOnToolsVersion = 9.2;
						ProvisioningStyle = Automatic;
						TestTargetID = 587B02C01FEB883E00079ED4;
					};
					587B02E31FEB883F00079ED4 = {
						CreatedOnToolsVersion = 9.2;
						ProvisioningStyle = Automatic;
						TestTargetID = 587B02C01FEB883E00079ED4;
					};
				};
			};
			buildConfigurationList = 587B02BC1FEB883E00079ED4 /* Build configuration list for PBXProject "ZCYTutorialView" */;
			compatibilityVersion = "Xcode 8.0";
			developmentRegion = en;
			hasScannedForEncodings = 0;
			knownRegions = (
				en,
				Base,
			);
			mainGroup = 587B02B81FEB883E00079ED4;
			productRefGroup = 587B02C21FEB883E00079ED4 /* Products */;
			projectDirPath = "";
			projectRoot = "";
			targets = (
				587B02C01FEB883E00079ED4 /* ZCYTutorialView */,
				587B02D81FEB883F00079ED4 /* ZCYTutorialViewTests */,
				587B02E31FEB883F00079ED4 /* ZCYTutorialViewUITests */,
			);
		};
/* End PBXProject section */

/* Begin PBXResourcesBuildPhase section */
		587B02BF1FEB883E00079ED4 /* Resources */ = {
			isa = PBXResourcesBuildPhase;
			buildActionMask = 2147483647;
			files = (
				587B02D11FEB883E00079ED4 /* LaunchScreen.storyboard in Resources */,
				5813EF6F20073A3000B7102F /* courseselection_1.mp3 in Resources */,
				587B02CE1FEB883E00079ED4 /* Assets.xcassets in Resources */,
			);
			runOnlyForDeploymentPostprocessing = 0;
		};
		587B02D71FEB883F00079ED4 /* Resources */ = {
			isa = PBXResourcesBuildPhase;
			buildActionMask = 2147483647;
			files = (
			);
			runOnlyForDeploymentPostprocessing = 0;
		};
		587B02E21FEB883F00079ED4 /* Resources */ = {
			isa = PBXResourcesBuildPhase;
			buildActionMask = 2147483647;
			files = (
			);
			runOnlyForDeploymentPostprocessing = 0;
		};
/* End PBXResourcesBuildPhase section */

/* Begin PBXShellScriptBuildPhase section */
		0D59B82BB2611441BE5EDEDF /* [CP] Check Pods Manifest.lock */ = {
			isa = PBXShellScriptBuildPhase;
			buildActionMask = 2147483647;
			files = (
			);
			inputPaths = (
			);
			name = "[CP] Check Pods Manifest.lock";
			outputPaths = (
			);
			runOnlyForDeploymentPostprocessing = 0;
			shellPath = /bin/sh;
			shellScript = "diff \"${PODS_ROOT}/../Podfile.lock\" \"${PODS_ROOT}/Manifest.lock\" > /dev/null\nif [ $? != 0 ] ; then\n    # print error to STDERR\n    echo \"error: The sandbox is not in sync with the Podfile.lock. Run 'pod install' or update your CocoaPods installation.\" >&2\n    exit 1\nfi\n";
			showEnvVarsInLog = 0;
		};
		13A9A521AC6205CC1716BAC2 /* [CP] Embed Pods Frameworks */ = {
			isa = PBXShellScriptBuildPhase;
			buildActionMask = 2147483647;
			files = (
			);
			inputPaths = (
			);
			name = "[CP] Embed Pods Frameworks";
			outputPaths = (
			);
			runOnlyForDeploymentPostprocessing = 0;
			shellPath = /bin/sh;
			shellScript = "\"${SRCROOT}/Pods/Target Support Files/Pods-ZCYTutorialViewTests/Pods-ZCYTutorialViewTests-frameworks.sh\"\n";
			showEnvVarsInLog = 0;
		};
		AB22DB1B4F6066F5B3B93688 /* [CP] Copy Pods Resources */ = {
			isa = PBXShellScriptBuildPhase;
			buildActionMask = 2147483647;
			files = (
			);
			inputPaths = (
			);
			name = "[CP] Copy Pods Resources";
			outputPaths = (
			);
			runOnlyForDeploymentPostprocessing = 0;
			shellPath = /bin/sh;
			shellScript = "\"${SRCROOT}/Pods/Target Support Files/Pods-ZCYTutorialView/Pods-ZCYTutorialView-resources.sh\"\n";
			showEnvVarsInLog = 0;
		};
		B769C3F547571D0C6F742714 /* [CP] Copy Pods Resources */ = {
			isa = PBXShellScriptBuildPhase;
			buildActionMask = 2147483647;
			files = (
			);
			inputPaths = (
			);
			name = "[CP] Copy Pods Resources";
			outputPaths = (
			);
			runOnlyForDeploymentPostprocessing = 0;
			shellPath = /bin/sh;
			shellScript = "\"${SRCROOT}/Pods/Target Support Files/Pods-ZCYTutorialViewTests/Pods-ZCYTutorialViewTests-resources.sh\"\n";
			showEnvVarsInLog = 0;
		};
		B911C149F64C9EE79C2F8478 /* [CP] Copy Pods Resources */ = {
			isa = PBXShellScriptBuildPhase;
			buildActionMask = 2147483647;
			files = (
			);
			inputPaths = (
			);
			name = "[CP] Copy Pods Resources";
			outputPaths = (
			);
			runOnlyForDeploymentPostprocessing = 0;
			shellPath = /bin/sh;
			shellScript = "\"${SRCROOT}/Pods/Target Support Files/Pods-ZCYTutorialViewUITests/Pods-ZCYTutorialViewUITests-resources.sh\"\n";
			showEnvVarsInLog = 0;
		};
		C2611E79548A99ABC82C163A /* [CP] Embed Pods Frameworks */ = {
			isa = PBXShellScriptBuildPhase;
			buildActionMask = 2147483647;
			files = (
			);
			inputPaths = (
			);
			name = "[CP] Embed Pods Frameworks";
			outputPaths = (
			);
			runOnlyForDeploymentPostprocessing = 0;
			shellPath = /bin/sh;
			shellScript = "\"${SRCROOT}/Pods/Target Support Files/Pods-ZCYTutorialViewUITests/Pods-ZCYTutorialViewUITests-frameworks.sh\"\n";
			showEnvVarsInLog = 0;
		};
		C2877FA37784982F9E9B758A /* [CP] Embed Pods Frameworks */ = {
			isa = PBXShellScriptBuildPhase;
			buildActionMask = 2147483647;
			files = (
			);
			inputPaths = (
			);
			name = "[CP] Embed Pods Frameworks";
			outputPaths = (
			);
			runOnlyForDeploymentPostprocessing = 0;
			shellPath = /bin/sh;
			shellScript = "\"${SRCROOT}/Pods/Target Support Files/Pods-ZCYTutorialView/Pods-ZCYTutorialView-frameworks.sh\"\n";
			showEnvVarsInLog = 0;
		};
		DCC4D59533B4FDDBFE3B9D02 /* [CP] Check Pods Manifest.lock */ = {
			isa = PBXShellScriptBuildPhase;
			buildActionMask = 2147483647;
			files = (
			);
			inputPaths = (
			);
			name = "[CP] Check Pods Manifest.lock";
			outputPaths = (
			);
			runOnlyForDeploymentPostprocessing = 0;
			shellPath = /bin/sh;
			shellScript = "diff \"${PODS_ROOT}/../Podfile.lock\" \"${PODS_ROOT}/Manifest.lock\" > /dev/null\nif [ $? != 0 ] ; then\n    # print error to STDERR\n    echo \"error: The sandbox is not in sync with the Podfile.lock. Run 'pod install' or update your CocoaPods installation.\" >&2\n    exit 1\nfi\n";
			showEnvVarsInLog = 0;
		};
		E7E6DD2BC70CF0213B880D14 /* [CP] Check Pods Manifest.lock */ = {
			isa = PBXShellScriptBuildPhase;
			buildActionMask = 2147483647;
			files = (
			);
			inputPaths = (
			);
			name = "[CP] Check Pods Manifest.lock";
			outputPaths = (
			);
			runOnlyForDeploymentPostprocessing = 0;
			shellPath = /bin/sh;
			shellScript = "diff \"${PODS_ROOT}/../Podfile.lock\" \"${PODS_ROOT}/Manifest.lock\" > /dev/null\nif [ $? != 0 ] ; then\n    # print error to STDERR\n    echo \"error: The sandbox is not in sync with the Podfile.lock. Run 'pod install' or update your CocoaPods installation.\" >&2\n    exit 1\nfi\n";
			showEnvVarsInLog = 0;
		};
/* End PBXShellScriptBuildPhase section */

/* Begin PBXSourcesBuildPhase section */
		587B02BD1FEB883E00079ED4 /* Sources */ = {
			isa = PBXSourcesBuildPhase;
			buildActionMask = 2147483647;
			files = (
				587B03041FEB933000079ED4 /* ZCYTutorialViewDecoratorSpotlight.m in Sources */,
				587B03001FEB926300079ED4 /* ZCYTutorialViewDecoratorHint.m in Sources */,
				5813EF5B2005F38900B7102F /* ZCYTutorialViewDecoratorAudio.m in Sources */,
				587B02C91FEB883E00079ED4 /* ViewController.m in Sources */,
				587B02F81FEB904700079ED4 /* ZCYTutorialView.m in Sources */,
				587B02D41FEB883E00079ED4 /* main.m in Sources */,
				587B03131FEBB94100079ED4 /* ZCYHintView.m in Sources */,
				587B03081FEB941D00079ED4 /* ZCYTutorialViewDecoratorBlurSpotlight.m in Sources */,
				587B02FC1FEB91A100079ED4 /* ZCYTutorialViewDecorator.m in Sources */,
				587B02C61FEB883E00079ED4 /* AppDelegate.m in Sources */,
			);
			runOnlyForDeploymentPostprocessing = 0;
		};
		587B02D51FEB883F00079ED4 /* Sources */ = {
			isa = PBXSourcesBuildPhase;
			buildActionMask = 2147483647;
			files = (
				587B02DE1FEB883F00079ED4 /* ZCYTutorialViewTests.m in Sources */,
			);
			runOnlyForDeploymentPostprocessing = 0;
		};
		587B02E01FEB883F00079ED4 /* Sources */ = {
			isa = PBXSourcesBuildPhase;
			buildActionMask = 2147483647;
			files = (
				587B02E91FEB883F00079ED4 /* ZCYTutorialViewUITests.m in Sources */,
			);
			runOnlyForDeploymentPostprocessing = 0;
		};
/* End PBXSourcesBuildPhase section */

/* Begin PBXTargetDependency section */
		587B02DB1FEB883F00079ED4 /* PBXTargetDependency */ = {
			isa = PBXTargetDependency;
			target = 587B02C01FEB883E00079ED4 /* ZCYTutorialView */;
			targetProxy = 587B02DA1FEB883F00079ED4 /* PBXContainerItemProxy */;
		};
		587B02E61FEB883F00079ED4 /* PBXTargetDependency */ = {
			isa = PBXTargetDependency;
			target = 587B02C01FEB883E00079ED4 /* ZCYTutorialView */;
			targetProxy = 587B02E51FEB883F00079ED4 /* PBXContainerItemProxy */;
		};
/* End PBXTargetDependency section */

/* Begin PBXVariantGroup section */
		587B02CF1FEB883E00079ED4 /* LaunchScreen.storyboard */ = {
			isa = PBXVariantGroup;
			children = (
				587B02D01FEB883E00079ED4 /* Base */,
			);
			name = LaunchScreen.storyboard;
			sourceTree = "<group>";
		};
/* End PBXVariantGroup section */

/* Begin XCBuildConfiguration section */
		587B02EB1FEB883F00079ED4 /* Debug */ = {
			isa = XCBuildConfiguration;
			buildSettings = {
				ALWAYS_SEARCH_USER_PATHS = NO;
				CLANG_ANALYZER_NONNULL = YES;
				CLANG_ANALYZER_NUMBER_OBJECT_CONVERSION = YES_AGGRESSIVE;
				CLANG_CXX_LANGUAGE_STANDARD = "gnu++14";
				CLANG_CXX_LIBRARY = "libc++";
				CLANG_ENABLE_MODULES = YES;
				CLANG_ENABLE_OBJC_ARC = YES;
				CLANG_WARN_BLOCK_CAPTURE_AUTORELEASING = YES;
				CLANG_WARN_BOOL_CONVERSION = YES;
				CLANG_WARN_COMMA = YES;
				CLANG_WARN_CONSTANT_CONVERSION = YES;
				CLANG_WARN_DIRECT_OBJC_ISA_USAGE = YES_ERROR;
				CLANG_WARN_DOCUMENTATION_COMMENTS = YES;
				CLANG_WARN_EMPTY_BODY = YES;
				CLANG_WARN_ENUM_CONVERSION = YES;
				CLANG_WARN_INFINITE_RECURSION = YES;
				CLANG_WARN_INT_CONVERSION = YES;
				CLANG_WARN_NON_LITERAL_NULL_CONVERSION = YES;
				CLANG_WARN_OBJC_LITERAL_CONVERSION = YES;
				CLANG_WARN_OBJC_ROOT_CLASS = YES_ERROR;
				CLANG_WARN_RANGE_LOOP_ANALYSIS = YES;
				CLANG_WARN_STRICT_PROTOTYPES = YES;
				CLANG_WARN_SUSPICIOUS_MOVE = YES;
				CLANG_WARN_UNGUARDED_AVAILABILITY = YES_AGGRESSIVE;
				CLANG_WARN_UNREACHABLE_CODE = YES;
				CLANG_WARN__DUPLICATE_METHOD_MATCH = YES;
				CODE_SIGN_IDENTITY = "iPhone Developer";
				COPY_PHASE_STRIP = NO;
				DEBUG_INFORMATION_FORMAT = dwarf;
				ENABLE_STRICT_OBJC_MSGSEND = YES;
				ENABLE_TESTABILITY = YES;
				GCC_C_LANGUAGE_STANDARD = gnu11;
				GCC_DYNAMIC_NO_PIC = NO;
				GCC_NO_COMMON_BLOCKS = YES;
				GCC_OPTIMIZATION_LEVEL = 0;
				GCC_PREPROCESSOR_DEFINITIONS = (
					"DEBUG=1",
					"$(inherited)",
				);
				GCC_WARN_64_TO_32_BIT_CONVERSION = YES;
				GCC_WARN_ABOUT_RETURN_TYPE = YES_ERROR;
				GCC_WARN_UNDECLARED_SELECTOR = YES;
				GCC_WARN_UNINITIALIZED_AUTOS = YES_AGGRESSIVE;
				GCC_WARN_UNUSED_FUNCTION = YES;
				GCC_WARN_UNUSED_VARIABLE = YES;
				IPHONEOS_DEPLOYMENT_TARGET = 9.0;
				MTL_ENABLE_DEBUG_INFO = YES;
				ONLY_ACTIVE_ARCH = YES;
				SDKROOT = iphoneos;
			};
			name = Debug;
		};
		587B02EC1FEB883F00079ED4 /* Release */ = {
			isa = XCBuildConfiguration;
			buildSettings = {
				ALWAYS_SEARCH_USER_PATHS = NO;
				CLANG_ANALYZER_NONNULL = YES;
				CLANG_ANALYZER_NUMBER_OBJECT_CONVERSION = YES_AGGRESSIVE;
				CLANG_CXX_LANGUAGE_STANDARD = "gnu++14";
				CLANG_CXX_LIBRARY = "libc++";
				CLANG_ENABLE_MODULES = YES;
				CLANG_ENABLE_OBJC_ARC = YES;
				CLANG_WARN_BLOCK_CAPTURE_AUTORELEASING = YES;
				CLANG_WARN_BOOL_CONVERSION = YES;
				CLANG_WARN_COMMA = YES;
				CLANG_WARN_CONSTANT_CONVERSION = YES;
				CLANG_WARN_DIRECT_OBJC_ISA_USAGE = YES_ERROR;
				CLANG_WARN_DOCUMENTATION_COMMENTS = YES;
				CLANG_WARN_EMPTY_BODY = YES;
				CLANG_WARN_ENUM_CONVERSION = YES;
				CLANG_WARN_INFINITE_RECURSION = YES;
				CLANG_WARN_INT_CONVERSION = YES;
				CLANG_WARN_NON_LITERAL_NULL_CONVERSION = YES;
				CLANG_WARN_OBJC_LITERAL_CONVERSION = YES;
				CLANG_WARN_OBJC_ROOT_CLASS = YES_ERROR;
				CLANG_WARN_RANGE_LOOP_ANALYSIS = YES;
				CLANG_WARN_STRICT_PROTOTYPES = YES;
				CLANG_WARN_SUSPICIOUS_MOVE = YES;
				CLANG_WARN_UNGUARDED_AVAILABILITY = YES_AGGRESSIVE;
				CLANG_WARN_UNREACHABLE_CODE = YES;
				CLANG_WARN__DUPLICATE_METHOD_MATCH = YES;
				CODE_SIGN_IDENTITY = "iPhone Developer";
				COPY_PHASE_STRIP = NO;
				DEBUG_INFORMATION_FORMAT = "dwarf-with-dsym";
				ENABLE_NS_ASSERTIONS = NO;
				ENABLE_STRICT_OBJC_MSGSEND = YES;
				GCC_C_LANGUAGE_STANDARD = gnu11;
				GCC_NO_COMMON_BLOCKS = YES;
				GCC_WARN_64_TO_32_BIT_CONVERSION = YES;
				GCC_WARN_ABOUT_RETURN_TYPE = YES_ERROR;
				GCC_WARN_UNDECLARED_SELECTOR = YES;
				GCC_WARN_UNINITIALIZED_AUTOS = YES_AGGRESSIVE;
				GCC_WARN_UNUSED_FUNCTION = YES;
				GCC_WARN_UNUSED_VARIABLE = YES;
				IPHONEOS_DEPLOYMENT_TARGET = 9.0;
				MTL_ENABLE_DEBUG_INFO = NO;
				SDKROOT = iphoneos;
				VALIDATE_PRODUCT = YES;
			};
			name = Release;
		};
		587B02EE1FEB883F00079ED4 /* Debug */ = {
			isa = XCBuildConfiguration;
			baseConfigurationReference = E1CD9686C7A039ADF9D6A27B /* Pods-ZCYTutorialView.debug.xcconfig */;
			buildSettings = {
				ASSETCATALOG_COMPILER_APPICON_NAME = AppIcon;
				CODE_SIGN_STYLE = Automatic;
				DEVELOPMENT_TEAM = H6MKVATW2Z;
				GCC_PRECOMPILE_PREFIX_HEADER = YES;
				GCC_PREFIX_HEADER = "$(SRCROOT)/ZCYTutorialView/PrefixHeader.pch";
				INFOPLIST_FILE = ZCYTutorialView/Info.plist;
				LD_RUNPATH_SEARCH_PATHS = "$(inherited) @executable_path/Frameworks";
				PRODUCT_BUNDLE_IDENTIFIER = com.onion.ZCYTutorialView;
				PRODUCT_NAME = "$(TARGET_NAME)";
				TARGETED_DEVICE_FAMILY = "1,2";
			};
			name = Debug;
		};
		587B02EF1FEB883F00079ED4 /* Release */ = {
			isa = XCBuildConfiguration;
			baseConfigurationReference = A6FA12D2946FE351B7A5DF9E /* Pods-ZCYTutorialView.release.xcconfig */;
			buildSettings = {
				ASSETCATALOG_COMPILER_APPICON_NAME = AppIcon;
				CODE_SIGN_STYLE = Automatic;
				DEVELOPMENT_TEAM = H6MKVATW2Z;
				GCC_PRECOMPILE_PREFIX_HEADER = YES;
				GCC_PREFIX_HEADER = "$(SRCROOT)/ZCYTutorialView/PrefixHeader.pch";
				INFOPLIST_FILE = ZCYTutorialView/Info.plist;
				LD_RUNPATH_SEARCH_PATHS = "$(inherited) @executable_path/Frameworks";
				PRODUCT_BUNDLE_IDENTIFIER = com.onion.ZCYTutorialView;
				PRODUCT_NAME = "$(TARGET_NAME)";
				TARGETED_DEVICE_FAMILY = "1,2";
			};
			name = Release;
		};
		587B02F11FEB883F00079ED4 /* Debug */ = {
			isa = XCBuildConfiguration;
			baseConfigurationReference = 2CC55EDC78055B0D89EBA494 /* Pods-ZCYTutorialViewTests.debug.xcconfig */;
			buildSettings = {
				BUNDLE_LOADER = "$(TEST_HOST)";
				CODE_SIGN_STYLE = Automatic;
				DEVELOPMENT_TEAM = H6MKVATW2Z;
				INFOPLIST_FILE = ZCYTutorialViewTests/Info.plist;
				LD_RUNPATH_SEARCH_PATHS = "$(inherited) @executable_path/Frameworks @loader_path/Frameworks";
				PRODUCT_BUNDLE_IDENTIFIER = com.onion.ZCYTutorialViewTests;
				PRODUCT_NAME = "$(TARGET_NAME)";
				TARGETED_DEVICE_FAMILY = "1,2";
				TEST_HOST = "$(BUILT_PRODUCTS_DIR)/ZCYTutorialView.app/ZCYTutorialView";
			};
			name = Debug;
		};
		587B02F21FEB883F00079ED4 /* Release */ = {
			isa = XCBuildConfiguration;
			baseConfigurationReference = 4AB34B939400B30E22B6D4F4 /* Pods-ZCYTutorialViewTests.release.xcconfig */;
			buildSettings = {
				BUNDLE_LOADER = "$(TEST_HOST)";
				CODE_SIGN_STYLE = Automatic;
				DEVELOPMENT_TEAM = H6MKVATW2Z;
				INFOPLIST_FILE = ZCYTutorialViewTests/Info.plist;
				LD_RUNPATH_SEARCH_PATHS = "$(inherited) @executable_path/Frameworks @loader_path/Frameworks";
				PRODUCT_BUNDLE_IDENTIFIER = com.onion.ZCYTutorialViewTests;
				PRODUCT_NAME = "$(TARGET_NAME)";
				TARGETED_DEVICE_FAMILY = "1,2";
				TEST_HOST = "$(BUILT_PRODUCTS_DIR)/ZCYTutorialView.app/ZCYTutorialView";
			};
			name = Release;
		};
		587B02F41FEB883F00079ED4 /* Debug */ = {
			isa = XCBuildConfiguration;
			baseConfigurationReference = 556ECB33B1B2178FA15651CC /* Pods-ZCYTutorialViewUITests.debug.xcconfig */;
			buildSettings = {
				CODE_SIGN_STYLE = Automatic;
				DEVELOPMENT_TEAM = H6MKVATW2Z;
				INFOPLIST_FILE = ZCYTutorialViewUITests/Info.plist;
				LD_RUNPATH_SEARCH_PATHS = "$(inherited) @executable_path/Frameworks @loader_path/Frameworks";
				PRODUCT_BUNDLE_IDENTIFIER = com.onion.ZCYTutorialViewUITests;
				PRODUCT_NAME = "$(TARGET_NAME)";
				TARGETED_DEVICE_FAMILY = "1,2";
				TEST_TARGET_NAME = ZCYTutorialView;
			};
			name = Debug;
		};
		587B02F51FEB883F00079ED4 /* Release */ = {
			isa = XCBuildConfiguration;
			baseConfigurationReference = 8F6C2A76DB3C8CEA893B560A /* Pods-ZCYTutorialViewUITests.release.xcconfig */;
			buildSettings = {
				CODE_SIGN_STYLE = Automatic;
				DEVELOPMENT_TEAM = H6MKVATW2Z;
				INFOPLIST_FILE = ZCYTutorialViewUITests/Info.plist;
				LD_RUNPATH_SEARCH_PATHS = "$(inherited) @executable_path/Frameworks @loader_path/Frameworks";
				PRODUCT_BUNDLE_IDENTIFIER = com.onion.ZCYTutorialViewUITests;
				PRODUCT_NAME = "$(TARGET_NAME)";
				TARGETED_DEVICE_FAMILY = "1,2";
				TEST_TARGET_NAME = ZCYTutorialView;
			};
			name = Release;
		};
/* End XCBuildConfiguration section */

/* Begin XCConfigurationList section */
		587B02BC1FEB883E00079ED4 /* Build configuration list for PBXProject "ZCYTutorialView" */ = {
			isa = XCConfigurationList;
			buildConfigurations = (
				587B02EB1FEB883F00079ED4 /* Debug */,
				587B02EC1FEB883F00079ED4 /* Release */,
			);
			defaultConfigurationIsVisible = 0;
			defaultConfigurationName = Release;
		};
		587B02ED1FEB883F00079ED4 /* Build configuration list for PBXNativeTarget "ZCYTutorialView" */ = {
			isa = XCConfigurationList;
			buildConfigurations = (
				587B02EE1FEB883F00079ED4 /* Debug */,
				587B02EF1FEB883F00079ED4 /* Release */,
			);
			defaultConfigurationIsVisible = 0;
			defaultConfigurationName = Release;
		};
		587B02F01FEB883F00079ED4 /* Build configuration list for PBXNativeTarget "ZCYTutorialViewTests" */ = {
			isa = XCConfigurationList;
			buildConfigurations = (
				587B02F11FEB883F00079ED4 /* Debug */,
				587B02F21FEB883F00079ED4 /* Release */,
			);
			defaultConfigurationIsVisible = 0;
			defaultConfigurationName = Release;
		};
		587B02F31FEB883F00079ED4 /* Build configuration list for PBXNativeTarget "ZCYTutorialViewUITests" */ = {
			isa = XCConfigurationList;
			buildConfigurations = (
				587B02F41FEB883F00079ED4 /* Debug */,
				587B02F51FEB883F00079ED4 /* Release */,
			);
			defaultConfigurationIsVisible = 0;
			defaultConfigurationName = Release;
		};
/* End XCConfigurationList section */
	};
	rootObject = 587B02B91FEB883E00079ED4 /* Project object */;
}
